
Microsoft Visual Studio Solution File, Format Version 12.00
# Visual Studio Version 17
VisualStudioVersion = 17.6.33815.320
MinimumVisualStudioVersion = 10.0.40219.1
Project("{9A19103F-16F7-4668-BE54-9A1E7A4F7556}") = "AnyDraw", "AnyDraw\AnyDraw.csproj", "{33E85394-4310-4CEA-9655-DDA0AEF58652}"
EndProject
Project("{9A19103F-16F7-4668-BE54-9A1E7A4F7556}") = "AnyDraw.IO", "AnyDraw.IO\AnyDraw.IO.csproj", "{F734C095-49FD-492E-8036-53E0C823698E}"
EndProject
Global
	GlobalSection(SolutionConfigurationPlatforms) = preSolution
		Debug|Any CPU = Debug|Any CPU
		Release|Any CPU = Release|Any CPU
	EndGlobalSection
	GlobalSection(ProjectConfigurationPlatforms) = postSolution
		{33E85394-4310-4CEA-9655-DDA0AEF58652}.Debug|Any CPU.ActiveCfg = Debug|Any CPU
		{33E85394-4310-4CEA-9655-DDA0AEF58652}.Debug|Any CPU.Build.0 = Debug|Any CPU
		{33E85394-4310-4CEA-9655-DDA0AEF58652}.Release|Any CPU.ActiveCfg = Release|Any CPU
		{33E85394-4310-4CEA-9655-DDA0AEF58652}.Release|Any CPU.Build.0 = Release|Any CPU
		{F734C095-49FD-492E-8036-53E0C823698E}.Debug|Any CPU.ActiveCfg = Debug|Any CPU
		{F734C095-49FD-492E-8036-53E0C823698E}.Debug|Any CPU.Build.0 = Debug|Any CPU
		{F734C095-49FD-492E-8036-53E0C823698E}.Release|Any CPU.ActiveCfg = Release|Any CPU
		{F734C095-49FD-492E-8036-53E0C823698E}.Release|Any CPU.Build.0 = Release|Any CPU
	EndGlobalSection
	GlobalSection(SolutionProperties) = preSolution
		HideSolutionNode = FALSE
	EndGlobalSection
	GlobalSection(ExtensibilityGlobals) = postSolution
		SolutionGuid = {AF09108F-D129-41DE-837F-FB901E37D37B}
	EndGlobalSection
EndGlobal
