
Microsoft Visual Studio Solution File, Format Version 12.00
# Visual Studio Version 17
VisualStudioVersion = 17.6.33815.320
MinimumVisualStudioVersion = 10.0.40219.1
Project("{9A19103F-16F7-4668-BE54-9A1E7A4F7556}") = "FreeDraw", "FreeDraw.csproj", "{89A281EA-5D72-4BD8-AE19-B3C5DEE55820}"
EndProject
Global
	GlobalSection(SolutionConfigurationPlatforms) = preSolution
		Debug|Any CPU = Debug|Any CPU
		Release|Any CPU = Release|Any CPU
	EndGlobalSection
	GlobalSection(ProjectConfigurationPlatforms) = postSolution
		{89A281EA-5D72-4BD8-AE19-B3C5DEE55820}.Debug|Any CPU.ActiveCfg = Debug|Any CPU
		{89A281EA-5D72-4BD8-AE19-B3C5DEE55820}.Debug|Any CPU.Build.0 = Debug|Any CPU
		{89A281EA-5D72-4BD8-AE19-B3C5DEE55820}.Release|Any CPU.ActiveCfg = Release|Any CPU
		{89A281EA-5D72-4BD8-AE19-B3C5DEE55820}.Release|Any CPU.Build.0 = Release|Any CPU
	EndGlobalSection
	GlobalSection(SolutionProperties) = preSolution
		HideSolutionNode = FALSE
	EndGlobalSection
	GlobalSection(ExtensibilityGlobals) = postSolution
		SolutionGuid = {AF09108F-D129-41DE-837F-FB901E37D37B}
	EndGlobalSection
EndGlobal
